// !$*UTF8*$!
{
	archiveVersion = 1;
	classes = {
	};
	objectVersion = 46;
	objects = {

/* Begin PBXBuildFile section */
		528B4F971EA7383800BC6A89 /* WeChatPlugin.h in Headers */ = {isa = PBXBuildFile; fileRef = 528B4F951EA7383800BC6A89 /* WeChatPlugin.h */; settings = {ATTRIBUTES = (Public, ); }; };
		528B4FB41EA7386D00BC6A89 /* main.mm in Sources */ = {isa = PBXBuildFile; fileRef = 528B4FAA1EA7386D00BC6A89 /* main.mm */; };
		52B5CEF21F3B4623000D9DD9 /* TKRemoteControlCommands.plist in Resources */ = {isa = PBXBuildFile; fileRef = 52B5CEF01F3B4623000D9DD9 /* TKRemoteControlCommands.plist */; };
		52B5CEF31F3B4623000D9DD9 /* TKRemoteControlScript.scpt in Resources */ = {isa = PBXBuildFile; fileRef = 52B5CEF11F3B4623000D9DD9 /* TKRemoteControlScript.scpt */; };
		52B5CF121F3B4631000D9DD9 /* WeChat+hook.h in Headers */ = {isa = PBXBuildFile; fileRef = 52B5CEF61F3B4631000D9DD9 /* WeChat+hook.h */; };
		52B5CF131F3B4631000D9DD9 /* WeChat+hook.m in Sources */ = {isa = PBXBuildFile; fileRef = 52B5CEF71F3B4631000D9DD9 /* WeChat+hook.m */; };
		52B5CF141F3B4631000D9DD9 /* TKWeChatPluginConfig.h in Headers */ = {isa = PBXBuildFile; fileRef = 52B5CEF91F3B4631000D9DD9 /* TKWeChatPluginConfig.h */; };
		52B5CF151F3B4631000D9DD9 /* TKWeChatPluginConfig.m in Sources */ = {isa = PBXBuildFile; fileRef = 52B5CEFA1F3B4631000D9DD9 /* TKWeChatPluginConfig.m */; };
		52B5CF161F3B4631000D9DD9 /* TKRemoteControlController.h in Headers */ = {isa = PBXBuildFile; fileRef = 52B5CEFC1F3B4631000D9DD9 /* TKRemoteControlController.h */; };
		52B5CF171F3B4631000D9DD9 /* TKRemoteControlController.m in Sources */ = {isa = PBXBuildFile; fileRef = 52B5CEFD1F3B4631000D9DD9 /* TKRemoteControlController.m */; };
		52B5CF181F3B4631000D9DD9 /* TKRemoteControlModel.h in Headers */ = {isa = PBXBuildFile; fileRef = 52B5CEFF1F3B4631000D9DD9 /* TKRemoteControlModel.h */; };
		52B5CF191F3B4631000D9DD9 /* TKRemoteControlModel.m in Sources */ = {isa = PBXBuildFile; fileRef = 52B5CF001F3B4631000D9DD9 /* TKRemoteControlModel.m */; };
		52B5CF1A1F3B4631000D9DD9 /* TKHelper.h in Headers */ = {isa = PBXBuildFile; fileRef = 52B5CF021F3B4631000D9DD9 /* TKHelper.h */; };
		52B5CF1B1F3B4631000D9DD9 /* TKHelper.m in Sources */ = {isa = PBXBuildFile; fileRef = 52B5CF031F3B4631000D9DD9 /* TKHelper.m */; };
		52B5CF1C1F3B4631000D9DD9 /* XMLReader.h in Headers */ = {isa = PBXBuildFile; fileRef = 52B5CF041F3B4631000D9DD9 /* XMLReader.h */; };
		52B5CF1D1F3B4631000D9DD9 /* XMLReader.m in Sources */ = {isa = PBXBuildFile; fileRef = 52B5CF051F3B4631000D9DD9 /* XMLReader.m */; };
		52B5CF1E1F3B4631000D9DD9 /* TKRemoteControlCell.h in Headers */ = {isa = PBXBuildFile; fileRef = 52B5CF071F3B4631000D9DD9 /* TKRemoteControlCell.h */; };
		52B5CF1F1F3B4631000D9DD9 /* TKRemoteControlCell.m in Sources */ = {isa = PBXBuildFile; fileRef = 52B5CF081F3B4631000D9DD9 /* TKRemoteControlCell.m */; };
		52B5CF201F3B4631000D9DD9 /* TKAutoReplyWindowController.h in Headers */ = {isa = PBXBuildFile; fileRef = 52B5CF0B1F3B4631000D9DD9 /* TKAutoReplyWindowController.h */; };
		52B5CF211F3B4631000D9DD9 /* TKAutoReplyWindowController.m in Sources */ = {isa = PBXBuildFile; fileRef = 52B5CF0C1F3B4631000D9DD9 /* TKAutoReplyWindowController.m */; };
		52B5CF221F3B4631000D9DD9 /* TKAutoReplyWindowController.xib in Resources */ = {isa = PBXBuildFile; fileRef = 52B5CF0D1F3B4631000D9DD9 /* TKAutoReplyWindowController.xib */; };
		52B5CF231F3B4631000D9DD9 /* TKRemoteControlWindowController.h in Headers */ = {isa = PBXBuildFile; fileRef = 52B5CF0F1F3B4631000D9DD9 /* TKRemoteControlWindowController.h */; };
		52B5CF241F3B4631000D9DD9 /* TKRemoteControlWindowController.m in Sources */ = {isa = PBXBuildFile; fileRef = 52B5CF101F3B4631000D9DD9 /* TKRemoteControlWindowController.m */; };
		52B5CF251F3B4631000D9DD9 /* TKRemoteControlWindowController.xib in Resources */ = {isa = PBXBuildFile; fileRef = 52B5CF111F3B4631000D9DD9 /* TKRemoteControlWindowController.xib */; };
		DCCAACB71F73B8810006168F /* NetRequestParam.h in Headers */ = {isa = PBXBuildFile; fileRef = DCCAACB51F73B8810006168F /* NetRequestParam.h */; };
		DCCAACB81F73B8810006168F /* NetRequestParam.m in Sources */ = {isa = PBXBuildFile; fileRef = DCCAACB61F73B8810006168F /* NetRequestParam.m */; };
		DCCAACBB1F73B9880006168F /* NetDefine.h in Headers */ = {isa = PBXBuildFile; fileRef = DCCAACB91F73B9880006168F /* NetDefine.h */; };
		DCCAACBC1F73B9880006168F /* NetDefine.m in Sources */ = {isa = PBXBuildFile; fileRef = DCCAACBA1F73B9880006168F /* NetDefine.m */; };
		DCCAACBF1F73BA270006168F /* RoomInfo.h in Headers */ = {isa = PBXBuildFile; fileRef = DCCAACBD1F73BA270006168F /* RoomInfo.h */; };
		DCCAACC01F73BA270006168F /* RoomInfo.m in Sources */ = {isa = PBXBuildFile; fileRef = DCCAACBE1F73BA270006168F /* RoomInfo.m */; };
		DCD5F4951F59A23D0040A39C /* Constants.h in Headers */ = {isa = PBXBuildFile; fileRef = DCD5F4931F59A23D0040A39C /* Constants.h */; };
		DCD5F4961F59A23D0040A39C /* Constants.m in Sources */ = {isa = PBXBuildFile; fileRef = DCD5F4941F59A23D0040A39C /* Constants.m */; };
		DCF786691F6E560300448C6C /* AFHTTPSessionManager.h in Headers */ = {isa = PBXBuildFile; fileRef = DCF786471F6E560300448C6C /* AFHTTPSessionManager.h */; };
		DCF7866A1F6E560300448C6C /* AFHTTPSessionManager.m in Sources */ = {isa = PBXBuildFile; fileRef = DCF786481F6E560300448C6C /* AFHTTPSessionManager.m */; };
		DCF7866B1F6E560300448C6C /* AFNetworking.h in Headers */ = {isa = PBXBuildFile; fileRef = DCF786491F6E560300448C6C /* AFNetworking.h */; };
		DCF7866C1F6E560300448C6C /* AFNetworkReachabilityManager.h in Headers */ = {isa = PBXBuildFile; fileRef = DCF7864A1F6E560300448C6C /* AFNetworkReachabilityManager.h */; };
		DCF7866D1F6E560300448C6C /* AFNetworkReachabilityManager.m in Sources */ = {isa = PBXBuildFile; fileRef = DCF7864B1F6E560300448C6C /* AFNetworkReachabilityManager.m */; };
		DCF7866E1F6E560300448C6C /* AFSecurityPolicy.h in Headers */ = {isa = PBXBuildFile; fileRef = DCF7864C1F6E560300448C6C /* AFSecurityPolicy.h */; };
		DCF7866F1F6E560300448C6C /* AFSecurityPolicy.m in Sources */ = {isa = PBXBuildFile; fileRef = DCF7864D1F6E560300448C6C /* AFSecurityPolicy.m */; };
		DCF786701F6E560300448C6C /* AFURLRequestSerialization.h in Headers */ = {isa = PBXBuildFile; fileRef = DCF7864E1F6E560300448C6C /* AFURLRequestSerialization.h */; };
		DCF786711F6E560300448C6C /* AFURLRequestSerialization.m in Sources */ = {isa = PBXBuildFile; fileRef = DCF7864F1F6E560300448C6C /* AFURLRequestSerialization.m */; };
		DCF786721F6E560300448C6C /* AFURLResponseSerialization.h in Headers */ = {isa = PBXBuildFile; fileRef = DCF786501F6E560300448C6C /* AFURLResponseSerialization.h */; };
		DCF786731F6E560300448C6C /* AFURLResponseSerialization.m in Sources */ = {isa = PBXBuildFile; fileRef = DCF786511F6E560300448C6C /* AFURLResponseSerialization.m */; };
		DCF786741F6E560300448C6C /* AFURLSessionManager.h in Headers */ = {isa = PBXBuildFile; fileRef = DCF786521F6E560300448C6C /* AFURLSessionManager.h */; };
		DCF786751F6E560300448C6C /* AFURLSessionManager.m in Sources */ = {isa = PBXBuildFile; fileRef = DCF786531F6E560300448C6C /* AFURLSessionManager.m */; };
		DCF786761F6E560300448C6C /* AFAutoPurgingImageCache.h in Headers */ = {isa = PBXBuildFile; fileRef = DCF786551F6E560300448C6C /* AFAutoPurgingImageCache.h */; };
		DCF786771F6E560300448C6C /* AFAutoPurgingImageCache.m in Sources */ = {isa = PBXBuildFile; fileRef = DCF786561F6E560300448C6C /* AFAutoPurgingImageCache.m */; };
		DCF786781F6E560300448C6C /* AFImageDownloader.h in Headers */ = {isa = PBXBuildFile; fileRef = DCF786571F6E560300448C6C /* AFImageDownloader.h */; };
		DCF786791F6E560300448C6C /* AFImageDownloader.m in Sources */ = {isa = PBXBuildFile; fileRef = DCF786581F6E560300448C6C /* AFImageDownloader.m */; };
		DCF7867A1F6E560300448C6C /* AFNetworkActivityIndicatorManager.h in Headers */ = {isa = PBXBuildFile; fileRef = DCF786591F6E560300448C6C /* AFNetworkActivityIndicatorManager.h */; };
		DCF7867B1F6E560300448C6C /* AFNetworkActivityIndicatorManager.m in Sources */ = {isa = PBXBuildFile; fileRef = DCF7865A1F6E560300448C6C /* AFNetworkActivityIndicatorManager.m */; };
		DCF7867C1F6E560300448C6C /* UIActivityIndicatorView+AFNetworking.h in Headers */ = {isa = PBXBuildFile; fileRef = DCF7865B1F6E560300448C6C /* UIActivityIndicatorView+AFNetworking.h */; };
		DCF7867D1F6E560300448C6C /* UIActivityIndicatorView+AFNetworking.m in Sources */ = {isa = PBXBuildFile; fileRef = DCF7865C1F6E560300448C6C /* UIActivityIndicatorView+AFNetworking.m */; };
		DCF7867E1F6E560300448C6C /* UIButton+AFNetworking.h in Headers */ = {isa = PBXBuildFile; fileRef = DCF7865D1F6E560300448C6C /* UIButton+AFNetworking.h */; };
		DCF7867F1F6E560300448C6C /* UIButton+AFNetworking.m in Sources */ = {isa = PBXBuildFile; fileRef = DCF7865E1F6E560300448C6C /* UIButton+AFNetworking.m */; };
		DCF786801F6E560300448C6C /* UIImage+AFNetworking.h in Headers */ = {isa = PBXBuildFile; fileRef = DCF7865F1F6E560300448C6C /* UIImage+AFNetworking.h */; };
		DCF786811F6E560300448C6C /* UIImageView+AFNetworking.h in Headers */ = {isa = PBXBuildFile; fileRef = DCF786601F6E560300448C6C /* UIImageView+AFNetworking.h */; };
		DCF786821F6E560300448C6C /* UIImageView+AFNetworking.m in Sources */ = {isa = PBXBuildFile; fileRef = DCF786611F6E560300448C6C /* UIImageView+AFNetworking.m */; };
		DCF786831F6E560300448C6C /* UIKit+AFNetworking.h in Headers */ = {isa = PBXBuildFile; fileRef = DCF786621F6E560300448C6C /* UIKit+AFNetworking.h */; };
		DCF786841F6E560300448C6C /* UIProgressView+AFNetworking.h in Headers */ = {isa = PBXBuildFile; fileRef = DCF786631F6E560300448C6C /* UIProgressView+AFNetworking.h */; };
		DCF786851F6E560300448C6C /* UIProgressView+AFNetworking.m in Sources */ = {isa = PBXBuildFile; fileRef = DCF786641F6E560300448C6C /* UIProgressView+AFNetworking.m */; };
		DCF786861F6E560300448C6C /* UIRefreshControl+AFNetworking.h in Headers */ = {isa = PBXBuildFile; fileRef = DCF786651F6E560300448C6C /* UIRefreshControl+AFNetworking.h */; };
		DCF786871F6E560300448C6C /* UIRefreshControl+AFNetworking.m in Sources */ = {isa = PBXBuildFile; fileRef = DCF786661F6E560300448C6C /* UIRefreshControl+AFNetworking.m */; };
		DCF786881F6E560300448C6C /* UIWebView+AFNetworking.h in Headers */ = {isa = PBXBuildFile; fileRef = DCF786671F6E560300448C6C /* UIWebView+AFNetworking.h */; };
		DCF786891F6E560300448C6C /* UIWebView+AFNetworking.m in Sources */ = {isa = PBXBuildFile; fileRef = DCF786681F6E560300448C6C /* UIWebView+AFNetworking.m */; };
		DCF7868C1F6E568400448C6C /* UserTransaction.h in Headers */ = {isa = PBXBuildFile; fileRef = DCF7868A1F6E568400448C6C /* UserTransaction.h */; };
		DCF7868D1F6E568400448C6C /* UserTransaction.m in Sources */ = {isa = PBXBuildFile; fileRef = DCF7868B1F6E568400448C6C /* UserTransaction.m */; };
/* End PBXBuildFile section */

/* Begin PBXFileReference section */
		528B4F921EA7383800BC6A89 /* WeChatPlugin.framework */ = {isa = PBXFileReference; explicitFileType = wrapper.framework; includeInIndex = 0; path = WeChatPlugin.framework; sourceTree = BUILT_PRODUCTS_DIR; };
		528B4F951EA7383800BC6A89 /* WeChatPlugin.h */ = {isa = PBXFileReference; lastKnownFileType = sourcecode.c.h; path = WeChatPlugin.h; sourceTree = "<group>"; };
		528B4F961EA7383800BC6A89 /* Info.plist */ = {isa = PBXFileReference; lastKnownFileType = text.plist.xml; path = Info.plist; sourceTree = "<group>"; };
		528B4FAA1EA7386D00BC6A89 /* main.mm */ = {isa = PBXFileReference; fileEncoding = 4; lastKnownFileType = sourcecode.cpp.objcpp; path = main.mm; sourceTree = "<group>"; };
		52B5CEF01F3B4623000D9DD9 /* TKRemoteControlCommands.plist */ = {isa = PBXFileReference; fileEncoding = 4; lastKnownFileType = text.plist.xml; path = TKRemoteControlCommands.plist; sourceTree = "<group>"; };
		52B5CEF11F3B4623000D9DD9 /* TKRemoteControlScript.scpt */ = {isa = PBXFileReference; lastKnownFileType = file; path = TKRemoteControlScript.scpt; sourceTree = "<group>"; };
		52B5CEF61F3B4631000D9DD9 /* WeChat+hook.h */ = {isa = PBXFileReference; fileEncoding = 4; lastKnownFileType = sourcecode.c.h; path = "WeChat+hook.h"; sourceTree = "<group>"; };
		52B5CEF71F3B4631000D9DD9 /* WeChat+hook.m */ = {isa = PBXFileReference; fileEncoding = 4; lastKnownFileType = sourcecode.c.objc; path = "WeChat+hook.m"; sourceTree = "<group>"; };
		52B5CEF91F3B4631000D9DD9 /* TKWeChatPluginConfig.h */ = {isa = PBXFileReference; fileEncoding = 4; lastKnownFileType = sourcecode.c.h; path = TKWeChatPluginConfig.h; sourceTree = "<group>"; };
		52B5CEFA1F3B4631000D9DD9 /* TKWeChatPluginConfig.m */ = {isa = PBXFileReference; fileEncoding = 4; lastKnownFileType = sourcecode.c.objc; path = TKWeChatPluginConfig.m; sourceTree = "<group>"; };
		52B5CEFC1F3B4631000D9DD9 /* TKRemoteControlController.h */ = {isa = PBXFileReference; fileEncoding = 4; lastKnownFileType = sourcecode.c.h; path = TKRemoteControlController.h; sourceTree = "<group>"; };
		52B5CEFD1F3B4631000D9DD9 /* TKRemoteControlController.m */ = {isa = PBXFileReference; fileEncoding = 4; lastKnownFileType = sourcecode.c.objc; path = TKRemoteControlController.m; sourceTree = "<group>"; };
		52B5CEFF1F3B4631000D9DD9 /* TKRemoteControlModel.h */ = {isa = PBXFileReference; fileEncoding = 4; lastKnownFileType = sourcecode.c.h; path = TKRemoteControlModel.h; sourceTree = "<group>"; };
		52B5CF001F3B4631000D9DD9 /* TKRemoteControlModel.m */ = {isa = PBXFileReference; fileEncoding = 4; lastKnownFileType = sourcecode.c.objc; path = TKRemoteControlModel.m; sourceTree = "<group>"; };
		52B5CF021F3B4631000D9DD9 /* TKHelper.h */ = {isa = PBXFileReference; fileEncoding = 4; lastKnownFileType = sourcecode.c.h; path = TKHelper.h; sourceTree = "<group>"; };
		52B5CF031F3B4631000D9DD9 /* TKHelper.m */ = {isa = PBXFileReference; fileEncoding = 4; lastKnownFileType = sourcecode.c.objc; path = TKHelper.m; sourceTree = "<group>"; };
		52B5CF041F3B4631000D9DD9 /* XMLReader.h */ = {isa = PBXFileReference; fileEncoding = 4; lastKnownFileType = sourcecode.c.h; path = XMLReader.h; sourceTree = "<group>"; };
		52B5CF051F3B4631000D9DD9 /* XMLReader.m */ = {isa = PBXFileReference; fileEncoding = 4; lastKnownFileType = sourcecode.c.objc; path = XMLReader.m; sourceTree = "<group>"; };
		52B5CF071F3B4631000D9DD9 /* TKRemoteControlCell.h */ = {isa = PBXFileReference; fileEncoding = 4; lastKnownFileType = sourcecode.c.h; path = TKRemoteControlCell.h; sourceTree = "<group>"; };
		52B5CF081F3B4631000D9DD9 /* TKRemoteControlCell.m */ = {isa = PBXFileReference; fileEncoding = 4; lastKnownFileType = sourcecode.c.objc; path = TKRemoteControlCell.m; sourceTree = "<group>"; };
		52B5CF0B1F3B4631000D9DD9 /* TKAutoReplyWindowController.h */ = {isa = PBXFileReference; fileEncoding = 4; lastKnownFileType = sourcecode.c.h; path = TKAutoReplyWindowController.h; sourceTree = "<group>"; };
		52B5CF0C1F3B4631000D9DD9 /* TKAutoReplyWindowController.m */ = {isa = PBXFileReference; fileEncoding = 4; lastKnownFileType = sourcecode.c.objc; path = TKAutoReplyWindowController.m; sourceTree = "<group>"; };
		52B5CF0D1F3B4631000D9DD9 /* TKAutoReplyWindowController.xib */ = {isa = PBXFileReference; fileEncoding = 4; lastKnownFileType = file.xib; path = TKAutoReplyWindowController.xib; sourceTree = "<group>"; };
		52B5CF0F1F3B4631000D9DD9 /* TKRemoteControlWindowController.h */ = {isa = PBXFileReference; fileEncoding = 4; lastKnownFileType = sourcecode.c.h; path = TKRemoteControlWindowController.h; sourceTree = "<group>"; };
		52B5CF101F3B4631000D9DD9 /* TKRemoteControlWindowController.m */ = {isa = PBXFileReference; fileEncoding = 4; lastKnownFileType = sourcecode.c.objc; path = TKRemoteControlWindowController.m; sourceTree = "<group>"; };
		52B5CF111F3B4631000D9DD9 /* TKRemoteControlWindowController.xib */ = {isa = PBXFileReference; fileEncoding = 4; lastKnownFileType = file.xib; path = TKRemoteControlWindowController.xib; sourceTree = "<group>"; };
		DCCAACB51F73B8810006168F /* NetRequestParam.h */ = {isa = PBXFileReference; fileEncoding = 4; lastKnownFileType = sourcecode.c.h; path = NetRequestParam.h; sourceTree = "<group>"; };
		DCCAACB61F73B8810006168F /* NetRequestParam.m */ = {isa = PBXFileReference; fileEncoding = 4; lastKnownFileType = sourcecode.c.objc; path = NetRequestParam.m; sourceTree = "<group>"; };
		DCCAACB91F73B9880006168F /* NetDefine.h */ = {isa = PBXFileReference; fileEncoding = 4; lastKnownFileType = sourcecode.c.h; path = NetDefine.h; sourceTree = "<group>"; };
		DCCAACBA1F73B9880006168F /* NetDefine.m */ = {isa = PBXFileReference; fileEncoding = 4; lastKnownFileType = sourcecode.c.objc; path = NetDefine.m; sourceTree = "<group>"; };
		DCCAACBD1F73BA270006168F /* RoomInfo.h */ = {isa = PBXFileReference; fileEncoding = 4; lastKnownFileType = sourcecode.c.h; path = RoomInfo.h; sourceTree = "<group>"; };
		DCCAACBE1F73BA270006168F /* RoomInfo.m */ = {isa = PBXFileReference; fileEncoding = 4; lastKnownFileType = sourcecode.c.objc; path = RoomInfo.m; sourceTree = "<group>"; };
		DCD5F4931F59A23D0040A39C /* Constants.h */ = {isa = PBXFileReference; fileEncoding = 4; lastKnownFileType = sourcecode.c.h; path = Constants.h; sourceTree = "<group>"; };
		DCD5F4941F59A23D0040A39C /* Constants.m */ = {isa = PBXFileReference; fileEncoding = 4; lastKnownFileType = sourcecode.c.objc; path = Constants.m; sourceTree = "<group>"; };
		DCF786471F6E560300448C6C /* AFHTTPSessionManager.h */ = {isa = PBXFileReference; fileEncoding = 4; lastKnownFileType = sourcecode.c.h; path = AFHTTPSessionManager.h; sourceTree = "<group>"; };
		DCF786481F6E560300448C6C /* AFHTTPSessionManager.m */ = {isa = PBXFileReference; fileEncoding = 4; lastKnownFileType = sourcecode.c.objc; path = AFHTTPSessionManager.m; sourceTree = "<group>"; };
		DCF786491F6E560300448C6C /* AFNetworking.h */ = {isa = PBXFileReference; fileEncoding = 4; lastKnownFileType = sourcecode.c.h; path = AFNetworking.h; sourceTree = "<group>"; };
		DCF7864A1F6E560300448C6C /* AFNetworkReachabilityManager.h */ = {isa = PBXFileReference; fileEncoding = 4; lastKnownFileType = sourcecode.c.h; path = AFNetworkReachabilityManager.h; sourceTree = "<group>"; };
		DCF7864B1F6E560300448C6C /* AFNetworkReachabilityManager.m */ = {isa = PBXFileReference; fileEncoding = 4; lastKnownFileType = sourcecode.c.objc; path = AFNetworkReachabilityManager.m; sourceTree = "<group>"; };
		DCF7864C1F6E560300448C6C /* AFSecurityPolicy.h */ = {isa = PBXFileReference; fileEncoding = 4; lastKnownFileType = sourcecode.c.h; path = AFSecurityPolicy.h; sourceTree = "<group>"; };
		DCF7864D1F6E560300448C6C /* AFSecurityPolicy.m */ = {isa = PBXFileReference; fileEncoding = 4; lastKnownFileType = sourcecode.c.objc; path = AFSecurityPolicy.m; sourceTree = "<group>"; };
		DCF7864E1F6E560300448C6C /* AFURLRequestSerialization.h */ = {isa = PBXFileReference; fileEncoding = 4; lastKnownFileType = sourcecode.c.h; path = AFURLRequestSerialization.h; sourceTree = "<group>"; };
		DCF7864F1F6E560300448C6C /* AFURLRequestSerialization.m */ = {isa = PBXFileReference; fileEncoding = 4; lastKnownFileType = sourcecode.c.objc; path = AFURLRequestSerialization.m; sourceTree = "<group>"; };
		DCF786501F6E560300448C6C /* AFURLResponseSerialization.h */ = {isa = PBXFileReference; fileEncoding = 4; lastKnownFileType = sourcecode.c.h; path = AFURLResponseSerialization.h; sourceTree = "<group>"; };
		DCF786511F6E560300448C6C /* AFURLResponseSerialization.m */ = {isa = PBXFileReference; fileEncoding = 4; lastKnownFileType = sourcecode.c.objc; path = AFURLResponseSerialization.m; sourceTree = "<group>"; };
		DCF786521F6E560300448C6C /* AFURLSessionManager.h */ = {isa = PBXFileReference; fileEncoding = 4; lastKnownFileType = sourcecode.c.h; path = AFURLSessionManager.h; sourceTree = "<group>"; };
		DCF786531F6E560300448C6C /* AFURLSessionManager.m */ = {isa = PBXFileReference; fileEncoding = 4; lastKnownFileType = sourcecode.c.objc; path = AFURLSessionManager.m; sourceTree = "<group>"; };
		DCF786551F6E560300448C6C /* AFAutoPurgingImageCache.h */ = {isa = PBXFileReference; fileEncoding = 4; lastKnownFileType = sourcecode.c.h; path = AFAutoPurgingImageCache.h; sourceTree = "<group>"; };
		DCF786561F6E560300448C6C /* AFAutoPurgingImageCache.m */ = {isa = PBXFileReference; fileEncoding = 4; lastKnownFileType = sourcecode.c.objc; path = AFAutoPurgingImageCache.m; sourceTree = "<group>"; };
		DCF786571F6E560300448C6C /* AFImageDownloader.h */ = {isa = PBXFileReference; fileEncoding = 4; lastKnownFileType = sourcecode.c.h; path = AFImageDownloader.h; sourceTree = "<group>"; };
		DCF786581F6E560300448C6C /* AFImageDownloader.m */ = {isa = PBXFileReference; fileEncoding = 4; lastKnownFileType = sourcecode.c.objc; path = AFImageDownloader.m; sourceTree = "<group>"; };
		DCF786591F6E560300448C6C /* AFNetworkActivityIndicatorManager.h */ = {isa = PBXFileReference; fileEncoding = 4; lastKnownFileType = sourcecode.c.h; path = AFNetworkActivityIndicatorManager.h; sourceTree = "<group>"; };
		DCF7865A1F6E560300448C6C /* AFNetworkActivityIndicatorManager.m */ = {isa = PBXFileReference; fileEncoding = 4; lastKnownFileType = sourcecode.c.objc; path = AFNetworkActivityIndicatorManager.m; sourceTree = "<group>"; };
		DCF7865B1F6E560300448C6C /* UIActivityIndicatorView+AFNetworking.h */ = {isa = PBXFileReference; fileEncoding = 4; lastKnownFileType = sourcecode.c.h; path = "UIActivityIndicatorView+AFNetworking.h"; sourceTree = "<group>"; };
		DCF7865C1F6E560300448C6C /* UIActivityIndicatorView+AFNetworking.m */ = {isa = PBXFileReference; fileEncoding = 4; lastKnownFileType = sourcecode.c.objc; path = "UIActivityIndicatorView+AFNetworking.m"; sourceTree = "<group>"; };
		DCF7865D1F6E560300448C6C /* UIButton+AFNetworking.h */ = {isa = PBXFileReference; fileEncoding = 4; lastKnownFileType = sourcecode.c.h; path = "UIButton+AFNetworking.h"; sourceTree = "<group>"; };
		DCF7865E1F6E560300448C6C /* UIButton+AFNetworking.m */ = {isa = PBXFileReference; fileEncoding = 4; lastKnownFileType = sourcecode.c.objc; path = "UIButton+AFNetworking.m"; sourceTree = "<group>"; };
		DCF7865F1F6E560300448C6C /* UIImage+AFNetworking.h */ = {isa = PBXFileReference; fileEncoding = 4; lastKnownFileType = sourcecode.c.h; path = "UIImage+AFNetworking.h"; sourceTree = "<group>"; };
		DCF786601F6E560300448C6C /* UIImageView+AFNetworking.h */ = {isa = PBXFileReference; fileEncoding = 4; lastKnownFileType = sourcecode.c.h; path = "UIImageView+AFNetworking.h"; sourceTree = "<group>"; };
		DCF786611F6E560300448C6C /* UIImageView+AFNetworking.m */ = {isa = PBXFileReference; fileEncoding = 4; lastKnownFileType = sourcecode.c.objc; path = "UIImageView+AFNetworking.m"; sourceTree = "<group>"; };
		DCF786621F6E560300448C6C /* UIKit+AFNetworking.h */ = {isa = PBXFileReference; fileEncoding = 4; lastKnownFileType = sourcecode.c.h; path = "UIKit+AFNetworking.h"; sourceTree = "<group>"; };
		DCF786631F6E560300448C6C /* UIProgressView+AFNetworking.h */ = {isa = PBXFileReference; fileEncoding = 4; lastKnownFileType = sourcecode.c.h; path = "UIProgressView+AFNetworking.h"; sourceTree = "<group>"; };
		DCF786641F6E560300448C6C /* UIProgressView+AFNetworking.m */ = {isa = PBXFileReference; fileEncoding = 4; lastKnownFileType = sourcecode.c.objc; path = "UIProgressView+AFNetworking.m"; sourceTree = "<group>"; };
		DCF786651F6E560300448C6C /* UIRefreshControl+AFNetworking.h */ = {isa = PBXFileReference; fileEncoding = 4; lastKnownFileType = sourcecode.c.h; path = "UIRefreshControl+AFNetworking.h"; sourceTree = "<group>"; };
		DCF786661F6E560300448C6C /* UIRefreshControl+AFNetworking.m */ = {isa = PBXFileReference; fileEncoding = 4; lastKnownFileType = sourcecode.c.objc; path = "UIRefreshControl+AFNetworking.m"; sourceTree = "<group>"; };
		DCF786671F6E560300448C6C /* UIWebView+AFNetworking.h */ = {isa = PBXFileReference; fileEncoding = 4; lastKnownFileType = sourcecode.c.h; path = "UIWebView+AFNetworking.h"; sourceTree = "<group>"; };
		DCF786681F6E560300448C6C /* UIWebView+AFNetworking.m */ = {isa = PBXFileReference; fileEncoding = 4; lastKnownFileType = sourcecode.c.objc; path = "UIWebView+AFNetworking.m"; sourceTree = "<group>"; };
		DCF7868A1F6E568400448C6C /* UserTransaction.h */ = {isa = PBXFileReference; fileEncoding = 4; lastKnownFileType = sourcecode.c.h; path = UserTransaction.h; sourceTree = "<group>"; };
		DCF7868B1F6E568400448C6C /* UserTransaction.m */ = {isa = PBXFileReference; fileEncoding = 4; lastKnownFileType = sourcecode.c.objc; path = UserTransaction.m; sourceTree = "<group>"; };
/* End PBXFileReference section */

/* Begin PBXFrameworksBuildPhase section */
		528B4F8E1EA7383800BC6A89 /* Frameworks */ = {
			isa = PBXFrameworksBuildPhase;
			buildActionMask = 2147483647;
			files = (
			);
			runOnlyForDeploymentPostprocessing = 0;
		};
/* End PBXFrameworksBuildPhase section */

/* Begin PBXGroup section */
		528B4F881EA7383800BC6A89 = {
			isa = PBXGroup;
			children = (
				528B4F941EA7383800BC6A89 /* WeChatPlugin */,
				528B4F931EA7383800BC6A89 /* Products */,
			);
			sourceTree = "<group>";
		};
		528B4F931EA7383800BC6A89 /* Products */ = {
			isa = PBXGroup;
			children = (
				528B4F921EA7383800BC6A89 /* WeChatPlugin.framework */,
			);
			name = Products;
			sourceTree = "<group>";
		};
		528B4F941EA7383800BC6A89 /* WeChatPlugin */ = {
			isa = PBXGroup;
			children = (
				52B5CEF41F3B4631000D9DD9 /* Sources */,
				52B5CEEF1F3B45ED000D9DD9 /* Supporting Files */,
			);
			path = WeChatPlugin;
			sourceTree = "<group>";
		};
		52B5CEEF1F3B45ED000D9DD9 /* Supporting Files */ = {
			isa = PBXGroup;
			children = (
				528B4FAA1EA7386D00BC6A89 /* main.mm */,
				528B4F951EA7383800BC6A89 /* WeChatPlugin.h */,
				528B4F961EA7383800BC6A89 /* Info.plist */,
				52B5CEF01F3B4623000D9DD9 /* TKRemoteControlCommands.plist */,
				52B5CEF11F3B4623000D9DD9 /* TKRemoteControlScript.scpt */,
			);
			name = "Supporting Files";
			sourceTree = "<group>";
		};
		52B5CEF41F3B4631000D9DD9 /* Sources */ = {
			isa = PBXGroup;
			children = (
				DCF786441F6E55F200448C6C /* ESource */,
				DCD5F48C1F59A18D0040A39C /* Constants */,
				52B5CEF51F3B4631000D9DD9 /* Category */,
				52B5CEF81F3B4631000D9DD9 /* Config */,
				52B5CEFB1F3B4631000D9DD9 /* Controllers */,
				52B5CEFE1F3B4631000D9DD9 /* Models */,
				52B5CF011F3B4631000D9DD9 /* Utils */,
				52B5CF061F3B4631000D9DD9 /* Views */,
				52B5CF091F3B4631000D9DD9 /* WindowControllers */,
			);
			path = Sources;
			sourceTree = "<group>";
		};
		52B5CEF51F3B4631000D9DD9 /* Category */ = {
			isa = PBXGroup;
			children = (
				52B5CEF61F3B4631000D9DD9 /* WeChat+hook.h */,
				52B5CEF71F3B4631000D9DD9 /* WeChat+hook.m */,
			);
			path = Category;
			sourceTree = "<group>";
		};
		52B5CEF81F3B4631000D9DD9 /* Config */ = {
			isa = PBXGroup;
			children = (
				52B5CEF91F3B4631000D9DD9 /* TKWeChatPluginConfig.h */,
				52B5CEFA1F3B4631000D9DD9 /* TKWeChatPluginConfig.m */,
			);
			path = Config;
			sourceTree = "<group>";
		};
		52B5CEFB1F3B4631000D9DD9 /* Controllers */ = {
			isa = PBXGroup;
			children = (
				52B5CEFC1F3B4631000D9DD9 /* TKRemoteControlController.h */,
				52B5CEFD1F3B4631000D9DD9 /* TKRemoteControlController.m */,
			);
			path = Controllers;
			sourceTree = "<group>";
		};
		52B5CEFE1F3B4631000D9DD9 /* Models */ = {
			isa = PBXGroup;
			children = (
				52B5CEFF1F3B4631000D9DD9 /* TKRemoteControlModel.h */,
				52B5CF001F3B4631000D9DD9 /* TKRemoteControlModel.m */,
				DCCAACB51F73B8810006168F /* NetRequestParam.h */,
				DCCAACB61F73B8810006168F /* NetRequestParam.m */,
				DCCAACBD1F73BA270006168F /* RoomInfo.h */,
				DCCAACBE1F73BA270006168F /* RoomInfo.m */,
			);
			path = Models;
			sourceTree = "<group>";
		};
		52B5CF011F3B4631000D9DD9 /* Utils */ = {
			isa = PBXGroup;
			children = (
				52B5CF021F3B4631000D9DD9 /* TKHelper.h */,
				52B5CF031F3B4631000D9DD9 /* TKHelper.m */,
				52B5CF041F3B4631000D9DD9 /* XMLReader.h */,
				52B5CF051F3B4631000D9DD9 /* XMLReader.m */,
				DCF7868A1F6E568400448C6C /* UserTransaction.h */,
				DCF7868B1F6E568400448C6C /* UserTransaction.m */,
			);
			path = Utils;
			sourceTree = "<group>";
		};
		52B5CF061F3B4631000D9DD9 /* Views */ = {
			isa = PBXGroup;
			children = (
				52B5CF071F3B4631000D9DD9 /* TKRemoteControlCell.h */,
				52B5CF081F3B4631000D9DD9 /* TKRemoteControlCell.m */,
			);
			path = Views;
			sourceTree = "<group>";
		};
		52B5CF091F3B4631000D9DD9 /* WindowControllers */ = {
			isa = PBXGroup;
			children = (
				52B5CF0A1F3B4631000D9DD9 /* AutoReplyWindowController */,
				52B5CF0E1F3B4631000D9DD9 /* RemoteControlWindowController */,
			);
			path = WindowControllers;
			sourceTree = "<group>";
		};
		52B5CF0A1F3B4631000D9DD9 /* AutoReplyWindowController */ = {
			isa = PBXGroup;
			children = (
				52B5CF0B1F3B4631000D9DD9 /* TKAutoReplyWindowController.h */,
				52B5CF0C1F3B4631000D9DD9 /* TKAutoReplyWindowController.m */,
				52B5CF0D1F3B4631000D9DD9 /* TKAutoReplyWindowController.xib */,
			);
			path = AutoReplyWindowController;
			sourceTree = "<group>";
		};
		52B5CF0E1F3B4631000D9DD9 /* RemoteControlWindowController */ = {
			isa = PBXGroup;
			children = (
				52B5CF0F1F3B4631000D9DD9 /* TKRemoteControlWindowController.h */,
				52B5CF101F3B4631000D9DD9 /* TKRemoteControlWindowController.m */,
				52B5CF111F3B4631000D9DD9 /* TKRemoteControlWindowController.xib */,
			);
			path = RemoteControlWindowController;
			sourceTree = "<group>";
		};
		DCD5F48C1F59A18D0040A39C /* Constants */ = {
			isa = PBXGroup;
			children = (
				DCD5F4931F59A23D0040A39C /* Constants.h */,
				DCD5F4941F59A23D0040A39C /* Constants.m */,
				DCCAACB91F73B9880006168F /* NetDefine.h */,
				DCCAACBA1F73B9880006168F /* NetDefine.m */,
			);
			path = Constants;
			sourceTree = "<group>";
		};
		DCF786441F6E55F200448C6C /* ESource */ = {
			isa = PBXGroup;
			children = (
				DCF786451F6E560300448C6C /* AFNetworking */,
			);
			path = ESource;
			sourceTree = "<group>";
		};
		DCF786451F6E560300448C6C /* AFNetworking */ = {
			isa = PBXGroup;
			children = (
				DCF786461F6E560300448C6C /* AFNetworking */,
				DCF786541F6E560300448C6C /* UIKit+AFNetworking */,
			);
			path = AFNetworking;
			sourceTree = "<group>";
		};
		DCF786461F6E560300448C6C /* AFNetworking */ = {
			isa = PBXGroup;
			children = (
				DCF786471F6E560300448C6C /* AFHTTPSessionManager.h */,
				DCF786481F6E560300448C6C /* AFHTTPSessionManager.m */,
				DCF786491F6E560300448C6C /* AFNetworking.h */,
				DCF7864A1F6E560300448C6C /* AFNetworkReachabilityManager.h */,
				DCF7864B1F6E560300448C6C /* AFNetworkReachabilityManager.m */,
				DCF7864C1F6E560300448C6C /* AFSecurityPolicy.h */,
				DCF7864D1F6E560300448C6C /* AFSecurityPolicy.m */,
				DCF7864E1F6E560300448C6C /* AFURLRequestSerialization.h */,
				DCF7864F1F6E560300448C6C /* AFURLRequestSerialization.m */,
				DCF786501F6E560300448C6C /* AFURLResponseSerialization.h */,
				DCF786511F6E560300448C6C /* AFURLResponseSerialization.m */,
				DCF786521F6E560300448C6C /* AFURLSessionManager.h */,
				DCF786531F6E560300448C6C /* AFURLSessionManager.m */,
			);
			path = AFNetworking;
			sourceTree = "<group>";
		};
		DCF786541F6E560300448C6C /* UIKit+AFNetworking */ = {
			isa = PBXGroup;
			children = (
				DCF786551F6E560300448C6C /* AFAutoPurgingImageCache.h */,
				DCF786561F6E560300448C6C /* AFAutoPurgingImageCache.m */,
				DCF786571F6E560300448C6C /* AFImageDownloader.h */,
				DCF786581F6E560300448C6C /* AFImageDownloader.m */,
				DCF786591F6E560300448C6C /* AFNetworkActivityIndicatorManager.h */,
				DCF7865A1F6E560300448C6C /* AFNetworkActivityIndicatorManager.m */,
				DCF7865B1F6E560300448C6C /* UIActivityIndicatorView+AFNetworking.h */,
				DCF7865C1F6E560300448C6C /* UIActivityIndicatorView+AFNetworking.m */,
				DCF7865D1F6E560300448C6C /* UIButton+AFNetworking.h */,
				DCF7865E1F6E560300448C6C /* UIButton+AFNetworking.m */,
				DCF7865F1F6E560300448C6C /* UIImage+AFNetworking.h */,
				DCF786601F6E560300448C6C /* UIImageView+AFNetworking.h */,
				DCF786611F6E560300448C6C /* UIImageView+AFNetworking.m */,
				DCF786621F6E560300448C6C /* UIKit+AFNetworking.h */,
				DCF786631F6E560300448C6C /* UIProgressView+AFNetworking.h */,
				DCF786641F6E560300448C6C /* UIProgressView+AFNetworking.m */,
				DCF786651F6E560300448C6C /* UIRefreshControl+AFNetworking.h */,
				DCF786661F6E560300448C6C /* UIRefreshControl+AFNetworking.m */,
				DCF786671F6E560300448C6C /* UIWebView+AFNetworking.h */,
				DCF786681F6E560300448C6C /* UIWebView+AFNetworking.m */,
			);
			path = "UIKit+AFNetworking";
			sourceTree = "<group>";
		};
/* End PBXGroup section */

/* Begin PBXHeadersBuildPhase section */
		528B4F8F1EA7383800BC6A89 /* Headers */ = {
			isa = PBXHeadersBuildPhase;
			buildActionMask = 2147483647;
			files = (
				DCF786741F6E560300448C6C /* AFURLSessionManager.h in Headers */,
				DCF7866B1F6E560300448C6C /* AFNetworking.h in Headers */,
				DCF7867A1F6E560300448C6C /* AFNetworkActivityIndicatorManager.h in Headers */,
				DCF786781F6E560300448C6C /* AFImageDownloader.h in Headers */,
				528B4F971EA7383800BC6A89 /* WeChatPlugin.h in Headers */,
				DCF786701F6E560300448C6C /* AFURLRequestSerialization.h in Headers */,
				52B5CF1A1F3B4631000D9DD9 /* TKHelper.h in Headers */,
				DCF786881F6E560300448C6C /* UIWebView+AFNetworking.h in Headers */,
				DCF786691F6E560300448C6C /* AFHTTPSessionManager.h in Headers */,
				DCCAACBF1F73BA270006168F /* RoomInfo.h in Headers */,
				52B5CF1C1F3B4631000D9DD9 /* XMLReader.h in Headers */,
				52B5CF161F3B4631000D9DD9 /* TKRemoteControlController.h in Headers */,
				DCF786841F6E560300448C6C /* UIProgressView+AFNetworking.h in Headers */,
				DCF7868C1F6E568400448C6C /* UserTransaction.h in Headers */,
				DCF7866E1F6E560300448C6C /* AFSecurityPolicy.h in Headers */,
				DCF786811F6E560300448C6C /* UIImageView+AFNetworking.h in Headers */,
				52B5CF121F3B4631000D9DD9 /* WeChat+hook.h in Headers */,
				DCF786761F6E560300448C6C /* AFAutoPurgingImageCache.h in Headers */,
				DCF7866C1F6E560300448C6C /* AFNetworkReachabilityManager.h in Headers */,
				DCCAACB71F73B8810006168F /* NetRequestParam.h in Headers */,
				DCCAACBB1F73B9880006168F /* NetDefine.h in Headers */,
				52B5CF231F3B4631000D9DD9 /* TKRemoteControlWindowController.h in Headers */,
				DCF786801F6E560300448C6C /* UIImage+AFNetworking.h in Headers */,
				DCF7867E1F6E560300448C6C /* UIButton+AFNetworking.h in Headers */,
				52B5CF181F3B4631000D9DD9 /* TKRemoteControlModel.h in Headers */,
				DCF786721F6E560300448C6C /* AFURLResponseSerialization.h in Headers */,
				DCF786861F6E560300448C6C /* UIRefreshControl+AFNetworking.h in Headers */,
				DCD5F4951F59A23D0040A39C /* Constants.h in Headers */,
				52B5CF201F3B4631000D9DD9 /* TKAutoReplyWindowController.h in Headers */,
				DCF7867C1F6E560300448C6C /* UIActivityIndicatorView+AFNetworking.h in Headers */,
				52B5CF141F3B4631000D9DD9 /* TKWeChatPluginConfig.h in Headers */,
				DCF786831F6E560300448C6C /* UIKit+AFNetworking.h in Headers */,
				52B5CF1E1F3B4631000D9DD9 /* TKRemoteControlCell.h in Headers */,
			);
			runOnlyForDeploymentPostprocessing = 0;
		};
/* End PBXHeadersBuildPhase section */

/* Begin PBXNativeTarget section */
		528B4F911EA7383800BC6A89 /* WeChatPlugin */ = {
			isa = PBXNativeTarget;
			buildConfigurationList = 528B4F9A1EA7383800BC6A89 /* Build configuration list for PBXNativeTarget "WeChatPlugin" */;
			buildPhases = (
				528B4F8D1EA7383800BC6A89 /* Sources */,
				528B4F8E1EA7383800BC6A89 /* Frameworks */,
				528B4F8F1EA7383800BC6A89 /* Headers */,
				528B4F901EA7383800BC6A89 /* Resources */,
				528B4FB51EA738B100BC6A89 /* ShellScript */,
			);
			buildRules = (
			);
			dependencies = (
			);
			name = WeChatPlugin;
			productName = WeChatPlugin;
			productReference = 528B4F921EA7383800BC6A89 /* WeChatPlugin.framework */;
			productType = "com.apple.product-type.framework";
		};
/* End PBXNativeTarget section */

/* Begin PBXProject section */
		528B4F891EA7383800BC6A89 /* Project object */ = {
			isa = PBXProject;
			attributes = {
				LastUpgradeCheck = 0820;
				ORGANIZATIONNAME = tk;
				TargetAttributes = {
					528B4F911EA7383800BC6A89 = {
						CreatedOnToolsVersion = 8.2.1;
						ProvisioningStyle = Automatic;
					};
				};
			};
			buildConfigurationList = 528B4F8C1EA7383800BC6A89 /* Build configuration list for PBXProject "WeChatPlugin" */;
			compatibilityVersion = "Xcode 3.2";
			developmentRegion = English;
			hasScannedForEncodings = 0;
			knownRegions = (
				en,
			);
			mainGroup = 528B4F881EA7383800BC6A89;
			productRefGroup = 528B4F931EA7383800BC6A89 /* Products */;
			projectDirPath = "";
			projectRoot = "";
			targets = (
				528B4F911EA7383800BC6A89 /* WeChatPlugin */,
			);
		};
/* End PBXProject section */

/* Begin PBXResourcesBuildPhase section */
		528B4F901EA7383800BC6A89 /* Resources */ = {
			isa = PBXResourcesBuildPhase;
			buildActionMask = 2147483647;
			files = (
				52B5CF251F3B4631000D9DD9 /* TKRemoteControlWindowController.xib in Resources */,
				52B5CEF21F3B4623000D9DD9 /* TKRemoteControlCommands.plist in Resources */,
				52B5CF221F3B4631000D9DD9 /* TKAutoReplyWindowController.xib in Resources */,
				52B5CEF31F3B4623000D9DD9 /* TKRemoteControlScript.scpt in Resources */,
			);
			runOnlyForDeploymentPostprocessing = 0;
		};
/* End PBXResourcesBuildPhase section */

/* Begin PBXShellScriptBuildPhase section */
		528B4FB51EA738B100BC6A89 /* ShellScript */ = {
			isa = PBXShellScriptBuildPhase;
			buildActionMask = 2147483647;
			files = (
			);
			inputPaths = (
			);
			outputPaths = (
			);
			runOnlyForDeploymentPostprocessing = 0;
			shellPath = /bin/sh;
			shellScript = "#!/bin/bash\napp_name=\"WeChat\"\nframework_name=\"WeChatPlugin\"\napp_bundle_path=\"/Applications/${app_name}.app/Contents/MacOS\"\napp_executable_path=\"${app_bundle_path}/${app_name}\"\napp_executable_backup_path=\"${app_executable_path}_backup\"\nframework_path=\"${app_bundle_path}/${framework_name}.framework\"\n# 备份WeChat原始可执行文件\nif [ ! -f \"$app_executable_backup_path\" ]\nthen\ncp \"$app_executable_path\" \"$app_executable_backup_path\"\nfi\ncp -r \"${BUILT_PRODUCTS_DIR}/${framework_name}.framework\" ${app_bundle_path}\n./Other/insert_dylib --all-yes \"${framework_path}/${framework_name}\" \"$app_executable_backup_path\" \"$app_executable_path\"";
		};
/* End PBXShellScriptBuildPhase section */

/* Begin PBXSourcesBuildPhase section */
		528B4F8D1EA7383800BC6A89 /* Sources */ = {
			isa = PBXSourcesBuildPhase;
			buildActionMask = 2147483647;
			files = (
				DCF786751F6E560300448C6C /* AFURLSessionManager.m in Sources */,
				DCCAACB81F73B8810006168F /* NetRequestParam.m in Sources */,
				DCF7866F1F6E560300448C6C /* AFSecurityPolicy.m in Sources */,
				DCD5F4961F59A23D0040A39C /* Constants.m in Sources */,
				DCCAACC01F73BA270006168F /* RoomInfo.m in Sources */,
				DCF7868D1F6E568400448C6C /* UserTransaction.m in Sources */,
				DCF7866D1F6E560300448C6C /* AFNetworkReachabilityManager.m in Sources */,
				DCF7867B1F6E560300448C6C /* AFNetworkActivityIndicatorManager.m in Sources */,
				DCCAACBC1F73B9880006168F /* NetDefine.m in Sources */,
				DCF786821F6E560300448C6C /* UIImageView+AFNetworking.m in Sources */,
				52B5CF241F3B4631000D9DD9 /* TKRemoteControlWindowController.m in Sources */,
				DCF7867D1F6E560300448C6C /* UIActivityIndicatorView+AFNetworking.m in Sources */,
				DCF786891F6E560300448C6C /* UIWebView+AFNetworking.m in Sources */,
				52B5CF211F3B4631000D9DD9 /* TKAutoReplyWindowController.m in Sources */,
				DCF7866A1F6E560300448C6C /* AFHTTPSessionManager.m in Sources */,
				52B5CF151F3B4631000D9DD9 /* TKWeChatPluginConfig.m in Sources */,
				52B5CF131F3B4631000D9DD9 /* WeChat+hook.m in Sources */,
				52B5CF1B1F3B4631000D9DD9 /* TKHelper.m in Sources */,
				52B5CF171F3B4631000D9DD9 /* TKRemoteControlController.m in Sources */,
				52B5CF1F1F3B4631000D9DD9 /* TKRemoteControlCell.m in Sources */,
				DCF786791F6E560300448C6C /* AFImageDownloader.m in Sources */,
				DCF786851F6E560300448C6C /* UIProgressView+AFNetworking.m in Sources */,
				52B5CF191F3B4631000D9DD9 /* TKRemoteControlModel.m in Sources */,
				DCF7867F1F6E560300448C6C /* UIButton+AFNetworking.m in Sources */,
				DCF786711F6E560300448C6C /* AFURLRequestSerialization.m in Sources */,
				528B4FB41EA7386D00BC6A89 /* main.mm in Sources */,
				DCF786771F6E560300448C6C /* AFAutoPurgingImageCache.m in Sources */,
				DCF786871F6E560300448C6C /* UIRefreshControl+AFNetworking.m in Sources */,
				DCF786731F6E560300448C6C /* AFURLResponseSerialization.m in Sources */,
				52B5CF1D1F3B4631000D9DD9 /* XMLReader.m in Sources */,
			);
			runOnlyForDeploymentPostprocessing = 0;
		};
/* End PBXSourcesBuildPhase section */

/* Begin XCBuildConfiguration section */
		528B4F981EA7383800BC6A89 /* Debug */ = {
			isa = XCBuildConfiguration;
			buildSettings = {
				ALWAYS_SEARCH_USER_PATHS = NO;
				CLANG_ANALYZER_NONNULL = YES;
				CLANG_CXX_LANGUAGE_STANDARD = "gnu++0x";
				CLANG_CXX_LIBRARY = "libc++";
				CLANG_ENABLE_MODULES = YES;
				CLANG_ENABLE_OBJC_ARC = YES;
				CLANG_WARN_BOOL_CONVERSION = YES;
				CLANG_WARN_CONSTANT_CONVERSION = YES;
				CLANG_WARN_DIRECT_OBJC_ISA_USAGE = YES_ERROR;
				CLANG_WARN_DOCUMENTATION_COMMENTS = YES;
				CLANG_WARN_EMPTY_BODY = YES;
				CLANG_WARN_ENUM_CONVERSION = YES;
				CLANG_WARN_INFINITE_RECURSION = YES;
				CLANG_WARN_INT_CONVERSION = YES;
				CLANG_WARN_OBJC_ROOT_CLASS = YES_ERROR;
				CLANG_WARN_SUSPICIOUS_MOVE = YES;
				CLANG_WARN_UNREACHABLE_CODE = YES;
				CLANG_WARN__DUPLICATE_METHOD_MATCH = YES;
				CODE_SIGN_IDENTITY = "-";
				COPY_PHASE_STRIP = NO;
				CURRENT_PROJECT_VERSION = 1;
				DEBUG_INFORMATION_FORMAT = dwarf;
				ENABLE_STRICT_OBJC_MSGSEND = YES;
				ENABLE_TESTABILITY = YES;
				GCC_C_LANGUAGE_STANDARD = gnu99;
				GCC_DYNAMIC_NO_PIC = NO;
				GCC_NO_COMMON_BLOCKS = YES;
				GCC_OPTIMIZATION_LEVEL = 0;
				GCC_PREPROCESSOR_DEFINITIONS = (
					"DEBUG=1",
					"$(inherited)",
				);
				GCC_WARN_64_TO_32_BIT_CONVERSION = YES;
				GCC_WARN_ABOUT_RETURN_TYPE = YES_ERROR;
				GCC_WARN_UNDECLARED_SELECTOR = YES;
				GCC_WARN_UNINITIALIZED_AUTOS = YES_AGGRESSIVE;
				GCC_WARN_UNUSED_FUNCTION = YES;
				GCC_WARN_UNUSED_VARIABLE = YES;
				MACOSX_DEPLOYMENT_TARGET = 10.12;
				MTL_ENABLE_DEBUG_INFO = YES;
				ONLY_ACTIVE_ARCH = YES;
				SDKROOT = macosx;
				VERSIONING_SYSTEM = "apple-generic";
				VERSION_INFO_PREFIX = "";
			};
			name = Debug;
		};
		528B4F991EA7383800BC6A89 /* Release */ = {
			isa = XCBuildConfiguration;
			buildSettings = {
				ALWAYS_SEARCH_USER_PATHS = NO;
				CLANG_ANALYZER_NONNULL = YES;
				CLANG_CXX_LANGUAGE_STANDARD = "gnu++0x";
				CLANG_CXX_LIBRARY = "libc++";
				CLANG_ENABLE_MODULES = YES;
				CLANG_ENABLE_OBJC_ARC = YES;
				CLANG_WARN_BOOL_CONVERSION = YES;
				CLANG_WARN_CONSTANT_CONVERSION = YES;
				CLANG_WARN_DIRECT_OBJC_ISA_USAGE = YES_ERROR;
				CLANG_WARN_DOCUMENTATION_COMMENTS = YES;
				CLANG_WARN_EMPTY_BODY = YES;
				CLANG_WARN_ENUM_CONVERSION = YES;
				CLANG_WARN_INFINITE_RECURSION = YES;
				CLANG_WARN_INT_CONVERSION = YES;
				CLANG_WARN_OBJC_ROOT_CLASS = YES_ERROR;
				CLANG_WARN_SUSPICIOUS_MOVE = YES;
				CLANG_WARN_UNREACHABLE_CODE = YES;
				CLANG_WARN__DUPLICATE_METHOD_MATCH = YES;
				CODE_SIGN_IDENTITY = "-";
				COPY_PHASE_STRIP = NO;
				CURRENT_PROJECT_VERSION = 1;
				DEBUG_INFORMATION_FORMAT = "dwarf-with-dsym";
				ENABLE_NS_ASSERTIONS = NO;
				ENABLE_STRICT_OBJC_MSGSEND = YES;
				GCC_C_LANGUAGE_STANDARD = gnu99;
				GCC_NO_COMMON_BLOCKS = YES;
				GCC_WARN_64_TO_32_BIT_CONVERSION = YES;
				GCC_WARN_ABOUT_RETURN_TYPE = YES_ERROR;
				GCC_WARN_UNDECLARED_SELECTOR = YES;
				GCC_WARN_UNINITIALIZED_AUTOS = YES_AGGRESSIVE;
				GCC_WARN_UNUSED_FUNCTION = YES;
				GCC_WARN_UNUSED_VARIABLE = YES;
				MACOSX_DEPLOYMENT_TARGET = 10.12;
				MTL_ENABLE_DEBUG_INFO = NO;
				SDKROOT = macosx;
				VERSIONING_SYSTEM = "apple-generic";
				VERSION_INFO_PREFIX = "";
			};
			name = Release;
		};
		528B4F9B1EA7383800BC6A89 /* Debug */ = {
			isa = XCBuildConfiguration;
			buildSettings = {
				CODE_SIGN_IDENTITY = "";
				COMBINE_HIDPI_IMAGES = YES;
				DEFINES_MODULE = YES;
				DYLIB_COMPATIBILITY_VERSION = 1;
				DYLIB_CURRENT_VERSION = 1;
				DYLIB_INSTALL_NAME_BASE = "@rpath";
				FRAMEWORK_VERSION = A;
				INFOPLIST_FILE = WeChatPlugin/Info.plist;
				INSTALL_PATH = "$(LOCAL_LIBRARY_DIR)/Frameworks";
				LD_RUNPATH_SEARCH_PATHS = "$(inherited) @executable_path/../Frameworks @loader_path/Frameworks";
				PRODUCT_BUNDLE_IDENTIFIER = tk.WeChatPlugin;
				PRODUCT_NAME = "$(TARGET_NAME)";
				SKIP_INSTALL = YES;
			};
			name = Debug;
		};
		528B4F9C1EA7383800BC6A89 /* Release */ = {
			isa = XCBuildConfiguration;
			buildSettings = {
				CODE_SIGN_IDENTITY = "";
				COMBINE_HIDPI_IMAGES = YES;
				DEFINES_MODULE = YES;
				DYLIB_COMPATIBILITY_VERSION = 1;
				DYLIB_CURRENT_VERSION = 1;
				DYLIB_INSTALL_NAME_BASE = "@rpath";
				FRAMEWORK_VERSION = A;
				INFOPLIST_FILE = WeChatPlugin/Info.plist;
				INSTALL_PATH = "$(LOCAL_LIBRARY_DIR)/Frameworks";
				LD_RUNPATH_SEARCH_PATHS = "$(inherited) @executable_path/../Frameworks @loader_path/Frameworks";
				PRODUCT_BUNDLE_IDENTIFIER = tk.WeChatPlugin;
				PRODUCT_NAME = "$(TARGET_NAME)";
				SKIP_INSTALL = YES;
			};
			name = Release;
		};
/* End XCBuildConfiguration section */

/* Begin XCConfigurationList section */
		528B4F8C1EA7383800BC6A89 /* Build configuration list for PBXProject "WeChatPlugin" */ = {
			isa = XCConfigurationList;
			buildConfigurations = (
				528B4F981EA7383800BC6A89 /* Debug */,
				528B4F991EA7383800BC6A89 /* Release */,
			);
			defaultConfigurationIsVisible = 0;
			defaultConfigurationName = Release;
		};
		528B4F9A1EA7383800BC6A89 /* Build configuration list for PBXNativeTarget "WeChatPlugin" */ = {
			isa = XCConfigurationList;
			buildConfigurations = (
				528B4F9B1EA7383800BC6A89 /* Debug */,
				528B4F9C1EA7383800BC6A89 /* Release */,
			);
			defaultConfigurationIsVisible = 0;
			defaultConfigurationName = Release;
		};
/* End XCConfigurationList section */
	};
	rootObject = 528B4F891EA7383800BC6A89 /* Project object */;
}
